
Microsoft Visual Studio Solution File, Format Version 12.00
# Visual Studio Version 16
VisualStudioVersion = 16.0.32602.291
MinimumVisualStudioVersion = 10.0.40219.1
Project("{FAE04EC0-301F-11D3-BF4B-00C04F79EFBC}") = "XpertHRTest", "XpertHRTest\XpertHRTest.csproj", "{277F779D-8A77-4CC1-959B-5D9ABA0350A3}"
EndProject
Global
	GlobalSection(SolutionConfigurationPlatforms) = preSolution
		Debug|Any CPU = Debug|Any CPU
		Release|Any CPU = Release|Any CPU
	EndGlobalSection
	GlobalSection(ProjectConfigurationPlatforms) = postSolution
		{277F779D-8A77-4CC1-959B-5D9ABA0350A3}.Debug|Any CPU.ActiveCfg = Debug|Any CPU
		{277F779D-8A77-4CC1-959B-5D9ABA0350A3}.Debug|Any CPU.Build.0 = Debug|Any CPU
		{277F779D-8A77-4CC1-959B-5D9ABA0350A3}.Release|Any CPU.ActiveCfg = Release|Any CPU
		{277F779D-8A77-4CC1-959B-5D9ABA0350A3}.Release|Any CPU.Build.0 = Release|Any CPU
	EndGlobalSection
	GlobalSection(SolutionProperties) = preSolution
		HideSolutionNode = FALSE
	EndGlobalSection
	GlobalSection(ExtensibilityGlobals) = postSolution
		SolutionGuid = {78A26331-DAE1-4F73-878B-5A99F7F5C64E}
	EndGlobalSection
EndGlobal
